// !$*UTF8*$!
{
	archiveVersion = 1;
	classes = {
	};
	objectVersion = 55;
	objects = {

/* Begin PBXBuildFile section */
		BE921B3F7729E9665719EABA /* Pods_ExampleLiveKit.framework in Frameworks */ = {isa = PBXBuildFile; fileRef = 1018F310E4C7351CF82F76CD /* Pods_ExampleLiveKit.framework */; };
		DF79CD672728076D00262157 /* AppDelegate.swift in Sources */ = {isa = PBXBuildFile; fileRef = DF79CD662728076D00262157 /* AppDelegate.swift */; };
		DF79CD692728076D00262157 /* SceneDelegate.swift in Sources */ = {isa = PBXBuildFile; fileRef = DF79CD682728076D00262157 /* SceneDelegate.swift */; };
		DF79CD6B2728076D00262157 /* ViewController.swift in Sources */ = {isa = PBXBuildFile; fileRef = DF79CD6A2728076D00262157 /* ViewController.swift */; };
		DF79CD6E2728076D00262157 /* Main.storyboard in Resources */ = {isa = PBXBuildFile; fileRef = DF79CD6C2728076D00262157 /* Main.storyboard */; };
		DF79CD702728076F00262157 /* Assets.xcassets in Resources */ = {isa = PBXBuildFile; fileRef = DF79CD6F2728076F00262157 /* Assets.xcassets */; };
		DF79CD732728076F00262157 /* LaunchScreen.storyboard in Resources */ = {isa = PBXBuildFile; fileRef = DF79CD712728076F00262157 /* LaunchScreen.storyboard */; };
/* End PBXBuildFile section */

/* Begin PBXFileReference section */
		1018F310E4C7351CF82F76CD /* Pods_ExampleLiveKit.framework */ = {isa = PBXFileReference; explicitFileType = wrapper.framework; includeInIndex = 0; path = Pods_ExampleLiveKit.framework; sourceTree = BUILT_PRODUCTS_DIR; };
		543BC8F07FC0E5A9AD62AF4B /* Pods-ExampleLiveKit.debug.xcconfig */ = {isa = PBXFileReference; includeInIndex = 1; lastKnownFileType = text.xcconfig; name = "Pods-ExampleLiveKit.debug.xcconfig"; path = "Target Support Files/Pods-ExampleLiveKit/Pods-ExampleLiveKit.debug.xcconfig"; sourceTree = "<group>"; };
		DF4A33042728F3D500A65820 /* SwiftProtobuf.xcframework */ = {isa = PBXFileReference; lastKnownFileType = wrapper.xcframework; name = SwiftProtobuf.xcframework; path = Carthage/Build/SwiftProtobuf.xcframework; sourceTree = "<group>"; };
		DF4A33052728F3D500A65820 /* LiveKit.xcframework */ = {isa = PBXFileReference; lastKnownFileType = wrapper.xcframework; name = LiveKit.xcframework; path = Carthage/Build/LiveKit.xcframework; sourceTree = "<group>"; };
		DF4A33062728F3D500A65820 /* WebRTC.xcframework */ = {isa = PBXFileReference; lastKnownFileType = wrapper.xcframework; name = WebRTC.xcframework; path = Carthage/Build/WebRTC.xcframework; sourceTree = "<group>"; };
		DF4A33072728F3D500A65820 /* Promises.xcframework */ = {isa = PBXFileReference; lastKnownFileType = wrapper.xcframework; name = Promises.xcframework; path = Carthage/Build/Promises.xcframework; sourceTree = "<group>"; };
		DF4A33082728F3D500A65820 /* FBLPromises.xcframework */ = {isa = PBXFileReference; lastKnownFileType = wrapper.xcframework; name = FBLPromises.xcframework; path = Carthage/Build/FBLPromises.xcframework; sourceTree = "<group>"; };
		DF4A33092728F3D500A65820 /* Starscream.xcframework */ = {isa = PBXFileReference; lastKnownFileType = wrapper.xcframework; name = Starscream.xcframework; path = Carthage/Build/Starscream.xcframework; sourceTree = "<group>"; };
		DF79CD632728076D00262157 /* ExampleLiveKit.app */ = {isa = PBXFileReference; explicitFileType = wrapper.application; includeInIndex = 0; path = ExampleLiveKit.app; sourceTree = BUILT_PRODUCTS_DIR; };
		DF79CD662728076D00262157 /* AppDelegate.swift */ = {isa = PBXFileReference; lastKnownFileType = sourcecode.swift; path = AppDelegate.swift; sourceTree = "<group>"; };
		DF79CD682728076D00262157 /* SceneDelegate.swift */ = {isa = PBXFileReference; lastKnownFileType = sourcecode.swift; path = SceneDelegate.swift; sourceTree = "<group>"; };
		DF79CD6A2728076D00262157 /* ViewController.swift */ = {isa = PBXFileReference; lastKnownFileType = sourcecode.swift; path = ViewController.swift; sourceTree = "<group>"; };
		DF79CD6D2728076D00262157 /* Base */ = {isa = PBXFileReference; lastKnownFileType = file.storyboard; name = Base; path = Base.lproj/Main.storyboard; sourceTree = "<group>"; };
		DF79CD6F2728076F00262157 /* Assets.xcassets */ = {isa = PBXFileReference; lastKnownFileType = folder.assetcatalog; path = Assets.xcassets; sourceTree = "<group>"; };
		DF79CD722728076F00262157 /* Base */ = {isa = PBXFileReference; lastKnownFileType = file.storyboard; name = Base; path = Base.lproj/LaunchScreen.storyboard; sourceTree = "<group>"; };
		DF79CD742728076F00262157 /* Info.plist */ = {isa = PBXFileReference; lastKnownFileType = text.plist.xml; path = Info.plist; sourceTree = "<group>"; };
		F1504E28162EB84FE1CC4258 /* Pods-ExampleLiveKit.release.xcconfig */ = {isa = PBXFileReference; includeInIndex = 1; lastKnownFileType = text.xcconfig; name = "Pods-ExampleLiveKit.release.xcconfig"; path = "Target Support Files/Pods-ExampleLiveKit/Pods-ExampleLiveKit.release.xcconfig"; sourceTree = "<group>"; };
/* End PBXFileReference section */

/* Begin PBXFrameworksBuildPhase section */
		DF79CD602728076D00262157 /* Frameworks */ = {
			isa = PBXFrameworksBuildPhase;
			buildActionMask = 2147483647;
			files = (
				BE921B3F7729E9665719EABA /* Pods_ExampleLiveKit.framework in Frameworks */,
			);
			runOnlyForDeploymentPostprocessing = 0;
		};
/* End PBXFrameworksBuildPhase section */

/* Begin PBXGroup section */
		DF4A33032728F3D400A65820 /* Frameworks */ = {
			isa = PBXGroup;
			children = (
				DF4A33082728F3D500A65820 /* FBLPromises.xcframework */,
				DF4A33052728F3D500A65820 /* LiveKit.xcframework */,
				DF4A33072728F3D500A65820 /* Promises.xcframework */,
				DF4A33092728F3D500A65820 /* Starscream.xcframework */,
				DF4A33042728F3D500A65820 /* SwiftProtobuf.xcframework */,
				DF4A33062728F3D500A65820 /* WebRTC.xcframework */,
				1018F310E4C7351CF82F76CD /* Pods_ExampleLiveKit.framework */,
			);
			name = Frameworks;
			sourceTree = "<group>";
		};
		DF79CD5A2728076D00262157 = {
			isa = PBXGroup;
			children = (
				DF79CD652728076D00262157 /* ExampleLiveKit */,
				DF79CD642728076D00262157 /* Products */,
				DF4A33032728F3D400A65820 /* Frameworks */,
				EA880AAE3B40E5CD69CF348B /* Pods */,
			);
			sourceTree = "<group>";
		};
		DF79CD642728076D00262157 /* Products */ = {
			isa = PBXGroup;
			children = (
				DF79CD632728076D00262157 /* ExampleLiveKit.app */,
			);
			name = Products;
			sourceTree = "<group>";
		};
		DF79CD652728076D00262157 /* ExampleLiveKit */ = {
			isa = PBXGroup;
			children = (
				DF79CD662728076D00262157 /* AppDelegate.swift */,
				DF79CD682728076D00262157 /* SceneDelegate.swift */,
				DF79CD6A2728076D00262157 /* ViewController.swift */,
				DF79CD6C2728076D00262157 /* Main.storyboard */,
				DF79CD6F2728076F00262157 /* Assets.xcassets */,
				DF79CD712728076F00262157 /* LaunchScreen.storyboard */,
				DF79CD742728076F00262157 /* Info.plist */,
			);
			path = ExampleLiveKit;
			sourceTree = "<group>";
		};
		EA880AAE3B40E5CD69CF348B /* Pods */ = {
			isa = PBXGroup;
			children = (
				543BC8F07FC0E5A9AD62AF4B /* Pods-ExampleLiveKit.debug.xcconfig */,
				F1504E28162EB84FE1CC4258 /* Pods-ExampleLiveKit.release.xcconfig */,
			);
			path = Pods;
			sourceTree = "<group>";
		};
/* End PBXGroup section */

/* Begin PBXNativeTarget section */
		DF79CD622728076D00262157 /* ExampleLiveKit */ = {
			isa = PBXNativeTarget;
			buildConfigurationList = DF79CD772728076F00262157 /* Build configuration list for PBXNativeTarget "ExampleLiveKit" */;
			buildPhases = (
				1844991EB4FBBC0825A34EED /* [CP] Check Pods Manifest.lock */,
				DF79CD5F2728076D00262157 /* Sources */,
				DF79CD602728076D00262157 /* Frameworks */,
				DF79CD612728076D00262157 /* Resources */,
				67F833A0CCB2EDF337DB0844 /* [CP] Embed Pods Frameworks */,
			);
			buildRules = (
			);
			dependencies = (
			);
			name = ExampleLiveKit;
			productName = ExampleLiveKit;
			productReference = DF79CD632728076D00262157 /* ExampleLiveKit.app */;
			productType = "com.apple.product-type.application";
		};
/* End PBXNativeTarget section */

/* Begin PBXProject section */
		DF79CD5B2728076D00262157 /* Project object */ = {
			isa = PBXProject;
			attributes = {
				BuildIndependentTargetsInParallel = 1;
				LastSwiftUpdateCheck = 1310;
				LastUpgradeCheck = 1310;
				TargetAttributes = {
					DF79CD622728076D00262157 = {
						CreatedOnToolsVersion = 13.1;
					};
				};
			};
			buildConfigurationList = DF79CD5E2728076D00262157 /* Build configuration list for PBXProject "ExampleLiveKit" */;
			compatibilityVersion = "Xcode 13.0";
			developmentRegion = en;
			hasScannedForEncodings = 0;
			knownRegions = (
				en,
				Base,
			);
			mainGroup = DF79CD5A2728076D00262157;
			productRefGroup = DF79CD642728076D00262157 /* Products */;
			projectDirPath = "";
			projectRoot = "";
			targets = (
				DF79CD622728076D00262157 /* ExampleLiveKit */,
			);
		};
/* End PBXProject section */

/* Begin PBXResourcesBuildPhase section */
		DF79CD612728076D00262157 /* Resources */ = {
			isa = PBXResourcesBuildPhase;
			buildActionMask = 2147483647;
			files = (
				DF79CD732728076F00262157 /* LaunchScreen.storyboard in Resources */,
				DF79CD702728076F00262157 /* Assets.xcassets in Resources */,
				DF79CD6E2728076D00262157 /* Main.storyboard in Resources */,
			);
			runOnlyForDeploymentPostprocessing = 0;
		};
/* End PBXResourcesBuildPhase section */

/* Begin PBXShellScriptBuildPhase section */
		1844991EB4FBBC0825A34EED /* [CP] Check Pods Manifest.lock */ = {
			isa = PBXShellScriptBuildPhase;
			buildActionMask = 2147483647;
			files = (
			);
			inputFileListPaths = (
			);
			inputPaths = (
				"${PODS_PODFILE_DIR_PATH}/Podfile.lock",
				"${PODS_ROOT}/Manifest.lock",
			);
			name = "[CP] Check Pods Manifest.lock";
			outputFileListPaths = (
			);
			outputPaths = (
				"$(DERIVED_FILE_DIR)/Pods-ExampleLiveKit-checkManifestLockResult.txt",
			);
			runOnlyForDeploymentPostprocessing = 0;
			shellPath = /bin/sh;
			shellScript = "diff \"${PODS_PODFILE_DIR_PATH}/Podfile.lock\" \"${PODS_ROOT}/Manifest.lock\" > /dev/null\nif [ $? != 0 ] ; then\n    # print error to STDERR\n    echo \"error: The sandbox is not in sync with the Podfile.lock. Run 'pod install' or update your CocoaPods installation.\" >&2\n    exit 1\nfi\n# This output is used by Xcode 'outputs' to avoid re-running this script phase.\necho \"SUCCESS\" > \"${SCRIPT_OUTPUT_FILE_0}\"\n";
			showEnvVarsInLog = 0;
		};
		67F833A0CCB2EDF337DB0844 /* [CP] Embed Pods Frameworks */ = {
			isa = PBXShellScriptBuildPhase;
			buildActionMask = 2147483647;
			files = (
			);
			inputFileListPaths = (
				"${PODS_ROOT}/Target Support Files/Pods-ExampleLiveKit/Pods-ExampleLiveKit-frameworks-${CONFIGURATION}-input-files.xcfilelist",
			);
			name = "[CP] Embed Pods Frameworks";
			outputFileListPaths = (
				"${PODS_ROOT}/Target Support Files/Pods-ExampleLiveKit/Pods-ExampleLiveKit-frameworks-${CONFIGURATION}-output-files.xcfilelist",
			);
			runOnlyForDeploymentPostprocessing = 0;
			shellPath = /bin/sh;
			shellScript = "\"${PODS_ROOT}/Target Support Files/Pods-ExampleLiveKit/Pods-ExampleLiveKit-frameworks.sh\"\n";
			showEnvVarsInLog = 0;
		};
/* End PBXShellScriptBuildPhase section */

/* Begin PBXSourcesBuildPhase section */
		DF79CD5F2728076D00262157 /* Sources */ = {
			isa = PBXSourcesBuildPhase;
			buildActionMask = 2147483647;
			files = (
				DF79CD6B2728076D00262157 /* ViewController.swift in Sources */,
				DF79CD672728076D00262157 /* AppDelegate.swift in Sources */,
				DF79CD692728076D00262157 /* SceneDelegate.swift in Sources */,
			);
			runOnlyForDeploymentPostprocessing = 0;
		};
/* End PBXSourcesBuildPhase section */

/* Begin PBXVariantGroup section */
		DF79CD6C2728076D00262157 /* Main.storyboard */ = {
			isa = PBXVariantGroup;
			children = (
				DF79CD6D2728076D00262157 /* Base */,
			);
			name = Main.storyboard;
			sourceTree = "<group>";
		};
		DF79CD712728076F00262157 /* LaunchScreen.storyboard */ = {
			isa = PBXVariantGroup;
			children = (
				DF79CD722728076F00262157 /* Base */,
			);
			name = LaunchScreen.storyboard;
			sourceTree = "<group>";
		};
/* End PBXVariantGroup section */

/* Begin XCBuildConfiguration section */
		DF79CD752728076F00262157 /* Debug */ = {
			isa = XCBuildConfiguration;
			buildSettings = {
				ALWAYS_SEARCH_USER_PATHS = NO;
				CLANG_ANALYZER_NONNULL = YES;
				CLANG_ANALYZER_NUMBER_OBJECT_CONVERSION = YES_AGGRESSIVE;
				CLANG_CXX_LANGUAGE_STANDARD = "gnu++17";
				CLANG_CXX_LIBRARY = "libc++";
				CLANG_ENABLE_MODULES = YES;
				CLANG_ENABLE_OBJC_ARC = YES;
				CLANG_ENABLE_OBJC_WEAK = YES;
				CLANG_WARN_BLOCK_CAPTURE_AUTORELEASING = YES;
				CLANG_WARN_BOOL_CONVERSION = YES;
				CLANG_WARN_COMMA = YES;
				CLANG_WARN_CONSTANT_CONVERSION = YES;
				CLANG_WARN_DEPRECATED_OBJC_IMPLEMENTATIONS = YES;
				CLANG_WARN_DIRECT_OBJC_ISA_USAGE = YES_ERROR;
				CLANG_WARN_DOCUMENTATION_COMMENTS = YES;
				CLANG_WARN_EMPTY_BODY = YES;
				CLANG_WARN_ENUM_CONVERSION = YES;
				CLANG_WARN_INFINITE_RECURSION = YES;
				CLANG_WARN_INT_CONVERSION = YES;
				CLANG_WARN_NON_LITERAL_NULL_CONVERSION = YES;
				CLANG_WARN_OBJC_IMPLICIT_RETAIN_SELF = YES;
				CLANG_WARN_OBJC_LITERAL_CONVERSION = YES;
				CLANG_WARN_OBJC_ROOT_CLASS = YES_ERROR;
				CLANG_WARN_QUOTED_INCLUDE_IN_FRAMEWORK_HEADER = YES;
				CLANG_WARN_RANGE_LOOP_ANALYSIS = YES;
				CLANG_WARN_STRICT_PROTOTYPES = YES;
				CLANG_WARN_SUSPICIOUS_MOVE = YES;
				CLANG_WARN_UNGUARDED_AVAILABILITY = YES_AGGRESSIVE;
				CLANG_WARN_UNREACHABLE_CODE = YES;
				CLANG_WARN__DUPLICATE_METHOD_MATCH = YES;
				COPY_PHASE_STRIP = NO;
				DEBUG_INFORMATION_FORMAT = dwarf;
				ENABLE_BITCODE = NO;
				ENABLE_STRICT_OBJC_MSGSEND = YES;
				ENABLE_TESTABILITY = YES;
				GCC_C_LANGUAGE_STANDARD = gnu11;
				GCC_DYNAMIC_NO_PIC = NO;
				GCC_NO_COMMON_BLOCKS = YES;
				GCC_OPTIMIZATION_LEVEL = 0;
				GCC_PREPROCESSOR_DEFINITIONS = (
					"DEBUG=1",
					"$(inherited)",
				);
				GCC_WARN_64_TO_32_BIT_CONVERSION = YES;
				GCC_WARN_ABOUT_RETURN_TYPE = YES_ERROR;
				GCC_WARN_UNDECLARED_SELECTOR = YES;
				GCC_WARN_UNINITIALIZED_AUTOS = YES_AGGRESSIVE;
				GCC_WARN_UNUSED_FUNCTION = YES;
				GCC_WARN_UNUSED_VARIABLE = YES;
				IPHONEOS_DEPLOYMENT_TARGET = 15.0;
				MTL_ENABLE_DEBUG_INFO = INCLUDE_SOURCE;
				MTL_FAST_MATH = YES;
				ONLY_ACTIVE_ARCH = YES;
				SDKROOT = iphoneos;
				SWIFT_ACTIVE_COMPILATION_CONDITIONS = DEBUG;
				SWIFT_OPTIMIZATION_LEVEL = "-Onone";
			};
			name = Debug;
		};
		DF79CD762728076F00262157 /* Release */ = {
			isa = XCBuildConfiguration;
			buildSettings = {
				ALWAYS_SEARCH_USER_PATHS = NO;
				CLANG_ANALYZER_NONNULL = YES;
				CLANG_ANALYZER_NUMBER_OBJECT_CONVERSION = YES_AGGRESSIVE;
				CLANG_CXX_LANGUAGE_STANDARD = "gnu++17";
				CLANG_CXX_LIBRARY = "libc++";
				CLANG_ENABLE_MODULES = YES;
				CLANG_ENABLE_OBJC_ARC = YES;
				CLANG_ENABLE_OBJC_WEAK = YES;
				CLANG_WARN_BLOCK_CAPTURE_AUTORELEASING = YES;
				CLANG_WARN_BOOL_CONVERSION = YES;
				CLANG_WARN_COMMA = YES;
				CLANG_WARN_CONSTANT_CONVERSION = YES;
				CLANG_WARN_DEPRECATED_OBJC_IMPLEMENTATIONS = YES;
				CLANG_WARN_DIRECT_OBJC_ISA_USAGE = YES_ERROR;
				CLANG_WARN_DOCUMENTATION_COMMENTS = YES;
				CLANG_WARN_EMPTY_BODY = YES;
				CLANG_WARN_ENUM_CONVERSION = YES;
				CLANG_WARN_INFINITE_RECURSION = YES;
				CLANG_WARN_INT_CONVERSION = YES;
				CLANG_WARN_NON_LITERAL_NULL_CONVERSION = YES;
				CLANG_WARN_OBJC_IMPLICIT_RETAIN_SELF = YES;
				CLANG_WARN_OBJC_LITERAL_CONVERSION = YES;
				CLANG_WARN_OBJC_ROOT_CLASS = YES_ERROR;
				CLANG_WARN_QUOTED_INCLUDE_IN_FRAMEWORK_HEADER = YES;
				CLANG_WARN_RANGE_LOOP_ANALYSIS = YES;
				CLANG_WARN_STRICT_PROTOTYPES = YES;
				CLANG_WARN_SUSPICIOUS_MOVE = YES;
				CLANG_WARN_UNGUARDED_AVAILABILITY = YES_AGGRESSIVE;
				CLANG_WARN_UNREACHABLE_CODE = YES;
				CLANG_WARN__DUPLICATE_METHOD_MATCH = YES;
				COPY_PHASE_STRIP = NO;
				DEBUG_INFORMATION_FORMAT = "dwarf-with-dsym";
				ENABLE_BITCODE = NO;
				ENABLE_NS_ASSERTIONS = NO;
				ENABLE_STRICT_OBJC_MSGSEND = YES;
				GCC_C_LANGUAGE_STANDARD = gnu11;
				GCC_NO_COMMON_BLOCKS = YES;
				GCC_WARN_64_TO_32_BIT_CONVERSION = YES;
				GCC_WARN_ABOUT_RETURN_TYPE = YES_ERROR;
				GCC_WARN_UNDECLARED_SELECTOR = YES;
				GCC_WARN_UNINITIALIZED_AUTOS = YES_AGGRESSIVE;
				GCC_WARN_UNUSED_FUNCTION = YES;
				GCC_WARN_UNUSED_VARIABLE = YES;
				IPHONEOS_DEPLOYMENT_TARGET = 15.0;
				MTL_ENABLE_DEBUG_INFO = NO;
				MTL_FAST_MATH = YES;
				SDKROOT = iphoneos;
				SWIFT_COMPILATION_MODE = wholemodule;
				SWIFT_OPTIMIZATION_LEVEL = "-O";
				VALIDATE_PRODUCT = YES;
			};
			name = Release;
		};
		DF79CD782728076F00262157 /* Debug */ = {
			isa = XCBuildConfiguration;
			baseConfigurationReference = 543BC8F07FC0E5A9AD62AF4B /* Pods-ExampleLiveKit.debug.xcconfig */;
			buildSettings = {
				ASSETCATALOG_COMPILER_APPICON_NAME = AppIcon;
				ASSETCATALOG_COMPILER_GLOBAL_ACCENT_COLOR_NAME = AccentColor;
				CODE_SIGN_STYLE = Automatic;
				CURRENT_PROJECT_VERSION = 1;
				DEVELOPMENT_TEAM = JGXXBSPSUH;
				ENABLE_BITCODE = NO;
				GENERATE_INFOPLIST_FILE = YES;
				INFOPLIST_FILE = ExampleLiveKit/Info.plist;
				INFOPLIST_KEY_NSCameraUsageDescription = Hello;
				INFOPLIST_KEY_NSMicrophoneUsageDescription = Micropoen;
				INFOPLIST_KEY_UIApplicationSupportsIndirectInputEvents = YES;
				INFOPLIST_KEY_UILaunchStoryboardName = LaunchScreen;
				INFOPLIST_KEY_UIMainStoryboardFile = Main;
				INFOPLIST_KEY_UISupportedInterfaceOrientations_iPad = "UIInterfaceOrientationPortrait UIInterfaceOrientationPortraitUpsideDown UIInterfaceOrientationLandscapeLeft UIInterfaceOrientationLandscapeRight";
				INFOPLIST_KEY_UISupportedInterfaceOrientations_iPhone = "UIInterfaceOrientationPortrait UIInterfaceOrientationLandscapeLeft UIInterfaceOrientationLandscapeRight";
				LD_RUNPATH_SEARCH_PATHS = (
					"$(inherited)",
					"@executable_path/Frameworks",
				);
				MARKETING_VERSION = 1.0;
				PRODUCT_BUNDLE_IDENTIFIER = dev.josbach.LiveKitDemo;
				PRODUCT_NAME = "$(TARGET_NAME)";
				SWIFT_EMIT_LOC_STRINGS = YES;
				SWIFT_VERSION = 5.0;
				TARGETED_DEVICE_FAMILY = "1,2";
			};
			name = Debug;
		};
		DF79CD792728076F00262157 /* Release */ = {
			isa = XCBuildConfiguration;
			baseConfigurationReference = F1504E28162EB84FE1CC4258 /* Pods-ExampleLiveKit.release.xcconfig */;
			buildSettings = {
				ASSETCATALOG_COMPILER_APPICON_NAME = AppIcon;
				ASSETCATALOG_COMPILER_GLOBAL_ACCENT_COLOR_NAME = AccentColor;
				CODE_SIGN_STYLE = Automatic;
				CURRENT_PROJECT_VERSION = 1;
				DEVELOPMENT_TEAM = JGXXBSPSUH;
				ENABLE_BITCODE = NO;
				GENERATE_INFOPLIST_FILE = YES;
				INFOPLIST_FILE = ExampleLiveKit/Info.plist;
				INFOPLIST_KEY_NSCameraUsageDescription = Hello;
				INFOPLIST_KEY_NSMicrophoneUsageDescription = Micropoen;
				INFOPLIST_KEY_UIApplicationSupportsIndirectInputEvents = YES;
				INFOPLIST_KEY_UILaunchStoryboardName = LaunchScreen;
				INFOPLIST_KEY_UIMainStoryboardFile = Main;
				INFOPLIST_KEY_UISupportedInterfaceOrientations_iPad = "UIInterfaceOrientationPortrait UIInterfaceOrientationPortraitUpsideDown UIInterfaceOrientationLandscapeLeft UIInterfaceOrientationLandscapeRight";
				INFOPLIST_KEY_UISupportedInterfaceOrientations_iPhone = "UIInterfaceOrientationPortrait UIInterfaceOrientationLandscapeLeft UIInterfaceOrientationLandscapeRight";
				LD_RUNPATH_SEARCH_PATHS = (
					"$(inherited)",
					"@executable_path/Frameworks",
				);
				MARKETING_VERSION = 1.0;
				PRODUCT_BUNDLE_IDENTIFIER = dev.josbach.LiveKitDemo;
				PRODUCT_NAME = "$(TARGET_NAME)";
				SWIFT_EMIT_LOC_STRINGS = YES;
				SWIFT_VERSION = 5.0;
				TARGETED_DEVICE_FAMILY = "1,2";
			};
			name = Release;
		};
/* End XCBuildConfiguration section */

/* Begin XCConfigurationList section */
		DF79CD5E2728076D00262157 /* Build configuration list for PBXProject "ExampleLiveKit" */ = {
			isa = XCConfigurationList;
			buildConfigurations = (
				DF79CD752728076F00262157 /* Debug */,
				DF79CD762728076F00262157 /* Release */,
			);
			defaultConfigurationIsVisible = 0;
			defaultConfigurationName = Release;
		};
		DF79CD772728076F00262157 /* Build configuration list for PBXNativeTarget "ExampleLiveKit" */ = {
			isa = XCConfigurationList;
			buildConfigurations = (
				DF79CD782728076F00262157 /* Debug */,
				DF79CD792728076F00262157 /* Release */,
			);
			defaultConfigurationIsVisible = 0;
			defaultConfigurationName = Release;
		};
/* End XCConfigurationList section */
	};
	rootObject = DF79CD5B2728076D00262157 /* Project object */;
}
